// !$*UTF8*$!
{
	archiveVersion = 1;
	classes = {
	};
	objectVersion = 56;
	objects = {

/* Begin PBXBuildFile section */
		6753CF1A29145495008BD41C /* events.c in Sources */ = {isa = PBXBuildFile; fileRef = 6753CF1929145495008BD41C /* events.c */; };
		6753CF1E291454CF008BD41C /* player.c in Sources */ = {isa = PBXBuildFile; fileRef = 6753CF1D291454CF008BD41C /* player.c */; };
		6753CF22291454E4008BD41C /* world.c in Sources */ = {isa = PBXBuildFile; fileRef = 6753CF21291454E4008BD41C /* world.c */; };
		6753CF252914550B008BD41C /* location.c in Sources */ = {isa = PBXBuildFile; fileRef = 6753CF242914550B008BD41C /* location.c */; };
		6753CF2A2914556E008BD41C /* entity.c in Sources */ = {isa = PBXBuildFile; fileRef = 6753CF292914556E008BD41C /* entity.c */; };
		6753CF2F291456F3008BD41C /* itemstack.c in Sources */ = {isa = PBXBuildFile; fileRef = 6753CF2E291456F3008BD41C /* itemstack.c */; };
		6753CF322914572D008BD41C /* living_entity.c in Sources */ = {isa = PBXBuildFile; fileRef = 6753CF312914572D008BD41C /* living_entity.c */; };
		6753CF35291459A8008BD41C /* itemmeta.c in Sources */ = {isa = PBXBuildFile; fileRef = 6753CF34291459A8008BD41C /* itemmeta.c */; };
		6753CF39291468AA008BD41C /* quark_server.c in Sources */ = {isa = PBXBuildFile; fileRef = 6753CF38291468AA008BD41C /* quark_server.c */; };
		6753CF3C29146B00008BD41C /* entity_equipment.c in Sources */ = {isa = PBXBuildFile; fileRef = 6753CF3B29146B00008BD41C /* entity_equipment.c */; };
		6753CF3F29146CC0008BD41C /* chunk.c in Sources */ = {isa = PBXBuildFile; fileRef = 6753CF3E29146CC0008BD41C /* chunk.c */; };
		6753CF4329146D06008BD41C /* block.c in Sources */ = {isa = PBXBuildFile; fileRef = 6753CF4229146D06008BD41C /* block.c */; };
		6799444329142C4200D8F796 /* main.c in Sources */ = {isa = PBXBuildFile; fileRef = 6799444229142C4200D8F796 /* main.c */; };
/* End PBXBuildFile section */

/* Begin PBXCopyFilesBuildPhase section */
		6799443D29142C4200D8F796 /* CopyFiles */ = {
			isa = PBXCopyFilesBuildPhase;
			buildActionMask = 2147483647;
			dstPath = /usr/share/man/man1/;
			dstSubfolderSpec = 0;
			files = (
			);
			runOnlyForDeploymentPostprocessing = 1;
		};
/* End PBXCopyFilesBuildPhase section */

/* Begin PBXFileReference section */
		6753CF1829145495008BD41C /* events.h */ = {isa = PBXFileReference; lastKnownFileType = sourcecode.c.h; path = events.h; sourceTree = "<group>"; };
		6753CF1929145495008BD41C /* events.c */ = {isa = PBXFileReference; lastKnownFileType = sourcecode.c.c; path = events.c; sourceTree = "<group>"; };
		6753CF1C291454CF008BD41C /* player.h */ = {isa = PBXFileReference; lastKnownFileType = sourcecode.c.h; path = player.h; sourceTree = "<group>"; };
		6753CF1D291454CF008BD41C /* player.c */ = {isa = PBXFileReference; lastKnownFileType = sourcecode.c.c; path = player.c; sourceTree = "<group>"; };
		6753CF20291454E4008BD41C /* world.h */ = {isa = PBXFileReference; lastKnownFileType = sourcecode.c.h; path = world.h; sourceTree = "<group>"; };
		6753CF21291454E4008BD41C /* world.c */ = {isa = PBXFileReference; lastKnownFileType = sourcecode.c.c; path = world.c; sourceTree = "<group>"; };
		6753CF232914550B008BD41C /* location.h */ = {isa = PBXFileReference; lastKnownFileType = sourcecode.c.h; path = location.h; sourceTree = "<group>"; };
		6753CF242914550B008BD41C /* location.c */ = {isa = PBXFileReference; lastKnownFileType = sourcecode.c.c; path = location.c; sourceTree = "<group>"; };
		6753CF282914556E008BD41C /* entity.h */ = {isa = PBXFileReference; lastKnownFileType = sourcecode.c.h; path = entity.h; sourceTree = "<group>"; };
		6753CF292914556E008BD41C /* entity.c */ = {isa = PBXFileReference; lastKnownFileType = sourcecode.c.c; path = entity.c; sourceTree = "<group>"; };
		6753CF2B29145603008BD41C /* entity_type.h */ = {isa = PBXFileReference; lastKnownFileType = sourcecode.c.h; path = entity_type.h; sourceTree = "<group>"; };
		6753CF2D291456F3008BD41C /* itemstack.h */ = {isa = PBXFileReference; lastKnownFileType = sourcecode.c.h; path = itemstack.h; sourceTree = "<group>"; };
		6753CF2E291456F3008BD41C /* itemstack.c */ = {isa = PBXFileReference; lastKnownFileType = sourcecode.c.c; path = itemstack.c; sourceTree = "<group>"; };
		6753CF302914572D008BD41C /* living_entity.h */ = {isa = PBXFileReference; lastKnownFileType = sourcecode.c.h; path = living_entity.h; sourceTree = "<group>"; };
		6753CF312914572D008BD41C /* living_entity.c */ = {isa = PBXFileReference; lastKnownFileType = sourcecode.c.c; path = living_entity.c; sourceTree = "<group>"; };
		6753CF33291459A8008BD41C /* itemmeta.h */ = {isa = PBXFileReference; lastKnownFileType = sourcecode.c.h; path = itemmeta.h; sourceTree = "<group>"; };
		6753CF34291459A8008BD41C /* itemmeta.c */ = {isa = PBXFileReference; lastKnownFileType = sourcecode.c.c; path = itemmeta.c; sourceTree = "<group>"; };
		6753CF37291468AA008BD41C /* quark_server.h */ = {isa = PBXFileReference; lastKnownFileType = sourcecode.c.h; path = quark_server.h; sourceTree = "<group>"; };
		6753CF38291468AA008BD41C /* quark_server.c */ = {isa = PBXFileReference; lastKnownFileType = sourcecode.c.c; path = quark_server.c; sourceTree = "<group>"; };
		6753CF3A29146B00008BD41C /* entity_equipment.h */ = {isa = PBXFileReference; lastKnownFileType = sourcecode.c.h; path = entity_equipment.h; sourceTree = "<group>"; };
		6753CF3B29146B00008BD41C /* entity_equipment.c */ = {isa = PBXFileReference; lastKnownFileType = sourcecode.c.c; path = entity_equipment.c; sourceTree = "<group>"; };
		6753CF3D29146CC0008BD41C /* chunk.h */ = {isa = PBXFileReference; lastKnownFileType = sourcecode.c.h; path = chunk.h; sourceTree = "<group>"; };
		6753CF3E29146CC0008BD41C /* chunk.c */ = {isa = PBXFileReference; lastKnownFileType = sourcecode.c.c; path = chunk.c; sourceTree = "<group>"; };
		6753CF4129146D06008BD41C /* block.h */ = {isa = PBXFileReference; lastKnownFileType = sourcecode.c.h; path = block.h; sourceTree = "<group>"; };
		6753CF4229146D06008BD41C /* block.c */ = {isa = PBXFileReference; lastKnownFileType = sourcecode.c.c; path = block.c; sourceTree = "<group>"; };
		6753CF44291470E9008BD41C /* gamemode.h */ = {isa = PBXFileReference; lastKnownFileType = sourcecode.c.h; path = gamemode.h; sourceTree = "<group>"; };
		6799443F29142C4200D8F796 /* quark */ = {isa = PBXFileReference; explicitFileType = "compiled.mach-o.executable"; includeInIndex = 0; path = quark; sourceTree = BUILT_PRODUCTS_DIR; };
		6799444229142C4200D8F796 /* main.c */ = {isa = PBXFileReference; lastKnownFileType = sourcecode.c.c; path = main.c; sourceTree = "<group>"; };
		679944512914376900D8F796 /* material.h */ = {isa = PBXFileReference; lastKnownFileType = sourcecode.c.h; path = material.h; sourceTree = "<group>"; };
		679944552914404B00D8F796 /* quark_managers.h */ = {isa = PBXFileReference; lastKnownFileType = sourcecode.c.h; path = quark_managers.h; sourceTree = "<group>"; };
/* End PBXFileReference section */

/* Begin PBXFrameworksBuildPhase section */
		6799443C29142C4200D8F796 /* Frameworks */ = {
			isa = PBXFrameworksBuildPhase;
			buildActionMask = 2147483647;
			files = (
			);
			runOnlyForDeploymentPostprocessing = 0;
		};
/* End PBXFrameworksBuildPhase section */

/* Begin PBXGroup section */
		6753CF1B291454BE008BD41C /* player */ = {
			isa = PBXGroup;
			children = (
				6753CF1C291454CF008BD41C /* player.h */,
				6753CF1D291454CF008BD41C /* player.c */,
				6753CF44291470E9008BD41C /* gamemode.h */,
			);
			path = player;
			sourceTree = "<group>";
		};
		6753CF1F291454D8008BD41C /* location */ = {
			isa = PBXGroup;
			children = (
				6753CF20291454E4008BD41C /* world.h */,
				6753CF21291454E4008BD41C /* world.c */,
				6753CF232914550B008BD41C /* location.h */,
				6753CF242914550B008BD41C /* location.c */,
				6753CF3D29146CC0008BD41C /* chunk.h */,
				6753CF3E29146CC0008BD41C /* chunk.c */,
			);
			path = location;
			sourceTree = "<group>";
		};
		6753CF2729145560008BD41C /* entity */ = {
			isa = PBXGroup;
			children = (
				6753CF1B291454BE008BD41C /* player */,
				6753CF282914556E008BD41C /* entity.h */,
				6753CF292914556E008BD41C /* entity.c */,
				6753CF2B29145603008BD41C /* entity_type.h */,
				6753CF302914572D008BD41C /* living_entity.h */,
				6753CF312914572D008BD41C /* living_entity.c */,
				6753CF3A29146B00008BD41C /* entity_equipment.h */,
				6753CF3B29146B00008BD41C /* entity_equipment.c */,
			);
			path = entity;
			sourceTree = "<group>";
		};
		6753CF2C291456DF008BD41C /* item */ = {
			isa = PBXGroup;
			children = (
				679944512914376900D8F796 /* material.h */,
				6753CF2D291456F3008BD41C /* itemstack.h */,
				6753CF2E291456F3008BD41C /* itemstack.c */,
				6753CF33291459A8008BD41C /* itemmeta.h */,
				6753CF34291459A8008BD41C /* itemmeta.c */,
			);
			path = item;
			sourceTree = "<group>";
		};
		6753CF362914689C008BD41C /* server */ = {
			isa = PBXGroup;
			children = (
				6753CF37291468AA008BD41C /* quark_server.h */,
				6753CF38291468AA008BD41C /* quark_server.c */,
			);
			path = server;
			sourceTree = "<group>";
		};
		6753CF4029146CFD008BD41C /* block */ = {
			isa = PBXGroup;
			children = (
				6753CF4129146D06008BD41C /* block.h */,
				6753CF4229146D06008BD41C /* block.c */,
			);
			path = block;
			sourceTree = "<group>";
		};
		6799443629142C4200D8F796 = {
			isa = PBXGroup;
			children = (
				6799444129142C4200D8F796 /* quark */,
				6799444029142C4200D8F796 /* Products */,
			);
			sourceTree = "<group>";
		};
		6799444029142C4200D8F796 /* Products */ = {
			isa = PBXGroup;
			children = (
				6799443F29142C4200D8F796 /* quark */,
			);
			name = Products;
			sourceTree = "<group>";
		};
		6799444129142C4200D8F796 /* quark */ = {
			isa = PBXGroup;
			children = (
				6753CF362914689C008BD41C /* server */,
				6799445829144B9100D8F796 /* util */,
				6799445429143D1E00D8F796 /* events */,
				67994452291439B200D8F796 /* managers */,
				6799444229142C4200D8F796 /* main.c */,
			);
			path = quark;
			sourceTree = "<group>";
		};
		67994452291439B200D8F796 /* managers */ = {
			isa = PBXGroup;
			children = (
				679944552914404B00D8F796 /* quark_managers.h */,
			);
			path = managers;
			sourceTree = "<group>";
		};
		6799445429143D1E00D8F796 /* events */ = {
			isa = PBXGroup;
			children = (
				6753CF1829145495008BD41C /* events.h */,
				6753CF1929145495008BD41C /* events.c */,
			);
			path = events;
			sourceTree = "<group>";
		};
		6799445829144B9100D8F796 /* util */ = {
			isa = PBXGroup;
			children = (
				6753CF4029146CFD008BD41C /* block */,
				6753CF2C291456DF008BD41C /* item */,
				6753CF2729145560008BD41C /* entity */,
				6753CF1F291454D8008BD41C /* location */,
			);
			path = util;
			sourceTree = "<group>";
		};
/* End PBXGroup section */

/* Begin PBXNativeTarget section */
		6799443E29142C4200D8F796 /* quark */ = {
			isa = PBXNativeTarget;
			buildConfigurationList = 6799444629142C4200D8F796 /* Build configuration list for PBXNativeTarget "quark" */;
			buildPhases = (
				6799443B29142C4200D8F796 /* Sources */,
				6799443C29142C4200D8F796 /* Frameworks */,
				6799443D29142C4200D8F796 /* CopyFiles */,
			);
			buildRules = (
			);
			dependencies = (
			);
			name = quark;
			productName = quark;
			productReference = 6799443F29142C4200D8F796 /* quark */;
			productType = "com.apple.product-type.tool";
		};
/* End PBXNativeTarget section */

/* Begin PBXProject section */
		6799443729142C4200D8F796 /* Project object */ = {
			isa = PBXProject;
			attributes = {
				BuildIndependentTargetsInParallel = 1;
				LastUpgradeCheck = 1410;
				TargetAttributes = {
					6799443E29142C4200D8F796 = {
						CreatedOnToolsVersion = 14.1;
					};
				};
			};
			buildConfigurationList = 6799443A29142C4200D8F796 /* Build configuration list for PBXProject "quark" */;
			compatibilityVersion = "Xcode 14.0";
			developmentRegion = en;
			hasScannedForEncodings = 0;
			knownRegions = (
				en,
				Base,
			);
			mainGroup = 6799443629142C4200D8F796;
			productRefGroup = 6799444029142C4200D8F796 /* Products */;
			projectDirPath = "";
			projectRoot = "";
			targets = (
				6799443E29142C4200D8F796 /* quark */,
			);
		};
/* End PBXProject section */

/* Begin PBXSourcesBuildPhase section */
		6799443B29142C4200D8F796 /* Sources */ = {
			isa = PBXSourcesBuildPhase;
			buildActionMask = 2147483647;
			files = (
				6753CF3C29146B00008BD41C /* entity_equipment.c in Sources */,
				6753CF2A2914556E008BD41C /* entity.c in Sources */,
				6753CF22291454E4008BD41C /* world.c in Sources */,
				6753CF35291459A8008BD41C /* itemmeta.c in Sources */,
				6753CF1A29145495008BD41C /* events.c in Sources */,
				6753CF2F291456F3008BD41C /* itemstack.c in Sources */,
				6753CF1E291454CF008BD41C /* player.c in Sources */,
				6753CF322914572D008BD41C /* living_entity.c in Sources */,
				6753CF39291468AA008BD41C /* quark_server.c in Sources */,
				6753CF3F29146CC0008BD41C /* chunk.c in Sources */,
				6753CF252914550B008BD41C /* location.c in Sources */,
				6799444329142C4200D8F796 /* main.c in Sources */,
				6753CF4329146D06008BD41C /* block.c in Sources */,
			);
			runOnlyForDeploymentPostprocessing = 0;
		};
/* End PBXSourcesBuildPhase section */

/* Begin XCBuildConfiguration section */
		6799444429142C4200D8F796 /* Debug */ = {
			isa = XCBuildConfiguration;
			buildSettings = {
				ALWAYS_SEARCH_USER_PATHS = NO;
				CLANG_ANALYZER_NONNULL = YES;
				CLANG_ANALYZER_NUMBER_OBJECT_CONVERSION = YES_AGGRESSIVE;
				CLANG_CXX_LANGUAGE_STANDARD = "gnu++20";
				CLANG_ENABLE_MODULES = YES;
				CLANG_ENABLE_OBJC_ARC = YES;
				CLANG_ENABLE_OBJC_WEAK = YES;
				CLANG_WARN_BLOCK_CAPTURE_AUTORELEASING = YES;
				CLANG_WARN_BOOL_CONVERSION = YES;
				CLANG_WARN_COMMA = YES;
				CLANG_WARN_CONSTANT_CONVERSION = YES;
				CLANG_WARN_DEPRECATED_OBJC_IMPLEMENTATIONS = YES;
				CLANG_WARN_DIRECT_OBJC_ISA_USAGE = YES_ERROR;
				CLANG_WARN_DOCUMENTATION_COMMENTS = YES;
				CLANG_WARN_EMPTY_BODY = YES;
				CLANG_WARN_ENUM_CONVERSION = YES;
				CLANG_WARN_INFINITE_RECURSION = YES;
				CLANG_WARN_INT_CONVERSION = YES;
				CLANG_WARN_NON_LITERAL_NULL_CONVERSION = YES;
				CLANG_WARN_OBJC_IMPLICIT_RETAIN_SELF = YES;
				CLANG_WARN_OBJC_LITERAL_CONVERSION = YES;
				CLANG_WARN_OBJC_ROOT_CLASS = YES_ERROR;
				CLANG_WARN_QUOTED_INCLUDE_IN_FRAMEWORK_HEADER = YES;
				CLANG_WARN_RANGE_LOOP_ANALYSIS = YES;
				CLANG_WARN_STRICT_PROTOTYPES = YES;
				CLANG_WARN_SUSPICIOUS_MOVE = YES;
				CLANG_WARN_UNGUARDED_AVAILABILITY = YES_AGGRESSIVE;
				CLANG_WARN_UNREACHABLE_CODE = YES;
				CLANG_WARN__DUPLICATE_METHOD_MATCH = YES;
				COPY_PHASE_STRIP = NO;
				DEBUG_INFORMATION_FORMAT = dwarf;
				ENABLE_STRICT_OBJC_MSGSEND = YES;
				ENABLE_TESTABILITY = YES;
				GCC_C_LANGUAGE_STANDARD = gnu11;
				GCC_DYNAMIC_NO_PIC = NO;
				GCC_NO_COMMON_BLOCKS = YES;
				GCC_OPTIMIZATION_LEVEL = 0;
				GCC_PREPROCESSOR_DEFINITIONS = (
					"DEBUG=1",
					"$(inherited)",
				);
				GCC_WARN_64_TO_32_BIT_CONVERSION = YES;
				GCC_WARN_ABOUT_RETURN_TYPE = YES_ERROR;
				GCC_WARN_UNDECLARED_SELECTOR = YES;
				GCC_WARN_UNINITIALIZED_AUTOS = YES_AGGRESSIVE;
				GCC_WARN_UNUSED_FUNCTION = YES;
				GCC_WARN_UNUSED_VARIABLE = YES;
				MACOSX_DEPLOYMENT_TARGET = 13.0;
				MTL_ENABLE_DEBUG_INFO = INCLUDE_SOURCE;
				MTL_FAST_MATH = YES;
				ONLY_ACTIVE_ARCH = YES;
				SDKROOT = macosx;
			};
			name = Debug;
		};
		6799444529142C4200D8F796 /* Release */ = {
			isa = XCBuildConfiguration;
			buildSettings = {
				ALWAYS_SEARCH_USER_PATHS = NO;
				CLANG_ANALYZER_NONNULL = YES;
				CLANG_ANALYZER_NUMBER_OBJECT_CONVERSION = YES_AGGRESSIVE;
				CLANG_CXX_LANGUAGE_STANDARD = "gnu++20";
				CLANG_ENABLE_MODULES = YES;
				CLANG_ENABLE_OBJC_ARC = YES;
				CLANG_ENABLE_OBJC_WEAK = YES;
				CLANG_WARN_BLOCK_CAPTURE_AUTORELEASING = YES;
				CLANG_WARN_BOOL_CONVERSION = YES;
				CLANG_WARN_COMMA = YES;
				CLANG_WARN_CONSTANT_CONVERSION = YES;
				CLANG_WARN_DEPRECATED_OBJC_IMPLEMENTATIONS = YES;
				CLANG_WARN_DIRECT_OBJC_ISA_USAGE = YES_ERROR;
				CLANG_WARN_DOCUMENTATION_COMMENTS = YES;
				CLANG_WARN_EMPTY_BODY = YES;
				CLANG_WARN_ENUM_CONVERSION = YES;
				CLANG_WARN_INFINITE_RECURSION = YES;
				CLANG_WARN_INT_CONVERSION = YES;
				CLANG_WARN_NON_LITERAL_NULL_CONVERSION = YES;
				CLANG_WARN_OBJC_IMPLICIT_RETAIN_SELF = YES;
				CLANG_WARN_OBJC_LITERAL_CONVERSION = YES;
				CLANG_WARN_OBJC_ROOT_CLASS = YES_ERROR;
				CLANG_WARN_QUOTED_INCLUDE_IN_FRAMEWORK_HEADER = YES;
				CLANG_WARN_RANGE_LOOP_ANALYSIS = YES;
				CLANG_WARN_STRICT_PROTOTYPES = YES;
				CLANG_WARN_SUSPICIOUS_MOVE = YES;
				CLANG_WARN_UNGUARDED_AVAILABILITY = YES_AGGRESSIVE;
				CLANG_WARN_UNREACHABLE_CODE = YES;
				CLANG_WARN__DUPLICATE_METHOD_MATCH = YES;
				COPY_PHASE_STRIP = NO;
				DEBUG_INFORMATION_FORMAT = "dwarf-with-dsym";
				ENABLE_NS_ASSERTIONS = NO;
				ENABLE_STRICT_OBJC_MSGSEND = YES;
				GCC_C_LANGUAGE_STANDARD = gnu11;
				GCC_NO_COMMON_BLOCKS = YES;
				GCC_WARN_64_TO_32_BIT_CONVERSION = YES;
				GCC_WARN_ABOUT_RETURN_TYPE = YES_ERROR;
				GCC_WARN_UNDECLARED_SELECTOR = YES;
				GCC_WARN_UNINITIALIZED_AUTOS = YES_AGGRESSIVE;
				GCC_WARN_UNUSED_FUNCTION = YES;
				GCC_WARN_UNUSED_VARIABLE = YES;
				MACOSX_DEPLOYMENT_TARGET = 13.0;
				MTL_ENABLE_DEBUG_INFO = NO;
				MTL_FAST_MATH = YES;
				SDKROOT = macosx;
			};
			name = Release;
		};
		6799444729142C4200D8F796 /* Debug */ = {
			isa = XCBuildConfiguration;
			buildSettings = {
				CODE_SIGN_STYLE = Automatic;
				DEVELOPMENT_TEAM = ATNGFZ7428;
				ENABLE_HARDENED_RUNTIME = YES;
				PRODUCT_NAME = "$(TARGET_NAME)";
			};
			name = Debug;
		};
		6799444829142C4200D8F796 /* Release */ = {
			isa = XCBuildConfiguration;
			buildSettings = {
				CODE_SIGN_STYLE = Automatic;
				DEVELOPMENT_TEAM = ATNGFZ7428;
				ENABLE_HARDENED_RUNTIME = YES;
				PRODUCT_NAME = "$(TARGET_NAME)";
			};
			name = Release;
		};
/* End XCBuildConfiguration section */

/* Begin XCConfigurationList section */
		6799443A29142C4200D8F796 /* Build configuration list for PBXProject "quark" */ = {
			isa = XCConfigurationList;
			buildConfigurations = (
				6799444429142C4200D8F796 /* Debug */,
				6799444529142C4200D8F796 /* Release */,
			);
			defaultConfigurationIsVisible = 0;
			defaultConfigurationName = Release;
		};
		6799444629142C4200D8F796 /* Build configuration list for PBXNativeTarget "quark" */ = {
			isa = XCConfigurationList;
			buildConfigurations = (
				6799444729142C4200D8F796 /* Debug */,
				6799444829142C4200D8F796 /* Release */,
			);
			defaultConfigurationIsVisible = 0;
			defaultConfigurationName = Release;
		};
/* End XCConfigurationList section */
	};
	rootObject = 6799443729142C4200D8F796 /* Project object */;
}
